
Microsoft Visual Studio Solution File, Format Version 12.00
# Visual Studio Version 17
VisualStudioVersion = 17.13.35931.197 d17.13
MinimumVisualStudioVersion = 10.0.40219.1
Project("{8BC9CEB8-8B4A-11D0-8D11-00A0C91BC942}") = "WireFrame", "WireFrame\WireFrame.vcxproj", "{4BC2C0BD-7346-4177-B0BD-5D596DFE30D2}"
EndProject
Global
	GlobalSection(SolutionConfigurationPlatforms) = preSolution
		Debug|x64 = Debug|x64
		Debug|x86 = Debug|x86
		Release|x64 = Release|x64
		Release|x86 = Release|x86
	EndGlobalSection
	GlobalSection(ProjectConfigurationPlatforms) = postSolution
		{4BC2C0BD-7346-4177-B0BD-5D596DFE30D2}.Debug|x64.ActiveCfg = Debug|x64
		{4BC2C0BD-7346-4177-B0BD-5D596DFE30D2}.Debug|x64.Build.0 = Debug|x64
		{4BC2C0BD-7346-4177-B0BD-5D596DFE30D2}.Debug|x86.ActiveCfg = Debug|Win32
		{4BC2C0BD-7346-4177-B0BD-5D596DFE30D2}.Debug|x86.Build.0 = Debug|Win32
		{4BC2C0BD-7346-4177-B0BD-5D596DFE30D2}.Release|x64.ActiveCfg = Release|x64
		{4BC2C0BD-7346-4177-B0BD-5D596DFE30D2}.Release|x64.Build.0 = Release|x64
		{4BC2C0BD-7346-4177-B0BD-5D596DFE30D2}.Release|x86.ActiveCfg = Release|Win32
		{4BC2C0BD-7346-4177-B0BD-5D596DFE30D2}.Release|x86.Build.0 = Release|Win32
	EndGlobalSection
	GlobalSection(SolutionProperties) = preSolution
		HideSolutionNode = FALSE
	EndGlobalSection
	GlobalSection(ExtensibilityGlobals) = postSolution
		SolutionGuid = {80AD8D6F-408B-403A-85AE-183B1A954C74}
	EndGlobalSection
EndGlobal
